<?xml version="1.0" encoding="UTF-8" standalone="yes" ?>
<CodeBlocks_project_file>
	<FileVersion major="1" minor="6" />
	<Project>
		<Option title="libctm" />
		<Option pch_mode="2" />
		<Option compiler="gcc" />
		<Build>
			<Target title="Debug">
				<Option output="../EfficientTileMap/bin/Debug/libctm" prefix_auto="1" extension_auto="1" />
				<Option object_output="obj/Debug/" />
				<Option type="3" />
				<Option compiler="gcc" />
				<Option createDefFile="1" />
				<Option createStaticLib="1" />
				<Compiler>
					<Add option="-Wall" />
					<Add option="-g" />
					<Add option="-DBUILD_DLL" />
				</Compiler>
				<Linker>
					<Add option="-lz" />
					<Add library="user32" />
				</Linker>
			</Target>
			<Target title="Release">
				<Option output="../EfficientTileMap/bin/Release/libctm" prefix_auto="1" extension_auto="1" />
				<Option object_output="obj/Release/" />
				<Option type="3" />
				<Option compiler="gcc" />
				<Option createDefFile="1" />
				<Option createStaticLib="1" />
				<Compiler>
					<Add option="-O3" />
					<Add option="-Wall" />
					<Add option="-DBUILD_DLL" />
				</Compiler>
				<Linker>
					<Add option="-s" />
					<Add library="user32" />
				</Linker>
			</Target>
		</Build>
		<Unit filename="binaryreader.c">
			<Option compilerVar="CC" />
		</Unit>
		<Unit filename="binaryreader.h" />
		<Unit filename="bitreader.c">
			<Option compilerVar="CC" />
		</Unit>
		<Unit filename="bitreader.h" />
		<Unit filename="bitwriter.c">
			<Option compilerVar="CC" />
		</Unit>
		<Unit filename="bitwriter.h" />
		<Unit filename="ctm.c">
			<Option compilerVar="CC" />
		</Unit>
		<Unit filename="ctm.h" />
		<Unit filename="eelvl.c">
			<Option compilerVar="CC" />
		</Unit>
		<Unit filename="eelvl.h" />
		<Unit filename="text.h" />
		<Unit filename="tile.c">
			<Option compilerVar="CC" />
		</Unit>
		<Unit filename="tile.h" />
		<Extensions>
			<lib_finder disable_auto="1" />
		</Extensions>
	</Project>
</CodeBlocks_project_file>
