<?xml version="1.0" encoding="UTF-8" standalone="yes" ?>
<CodeBlocks_project_file>
	<FileVersion major="1" minor="6" />
	<Project>
		<Option title="libctm" />
		<Option pch_mode="2" />
		<Option compiler="gcc" />
		<Build>
			<Target title="Debug">
				<Option output="bin/Debug/libctm" prefix_auto="1" extension_auto="1" />
				<Option object_output="obj/Debug/" />
				<Option type="3" />
				<Option compiler="gcc" />
				<Option createDefFile="1" />
				<Option createStaticLib="1" />
				<Compiler>
					<Add option="-Wall" />
					<Add option="-g" />
					<Add option="-DBUILD_DLL" />
				</Compiler>
				<Linker>
					<Add option="-lz" />
					<Add library="user32" />
				</Linker>
			</Target>
			<Target title="Release">
				<Option output="bin/Release/libctm" prefix_auto="1" extension_auto="1" />
				<Option object_output="obj/Release/" />
				<Option type="3" />
				<Option compiler="gcc" />
				<Option createDefFile="1" />
				<Option createStaticLib="1" />
				<Compiler>
					<Add option="-O3" />
					<Add option="-Wall" />
					<Add option="-DBUILD_DLL" />
				</Compiler>
				<Linker>
					<Add option="-s" />
					<Add library="user32" />
				</Linker>
			</Target>
		</Build>
		<Compiler>
			<Add directory="include" />
		</Compiler>
		<Linker>
			<Add directory="include" />
		</Linker>
		<Unit filename="include/binaryreader.h" />
		<Unit filename="include/bitreader.h" />
		<Unit filename="include/bitwriter.h" />
		<Unit filename="include/ctm.h" />
		<Unit filename="include/eelvl.h" />
		<Unit filename="include/text.h" />
		<Unit filename="include/tile.h" />
		<Unit filename="src/binaryreader.c">
			<Option compilerVar="CC" />
		</Unit>
		<Unit filename="src/bitreader.c">
			<Option compilerVar="CC" />
		</Unit>
		<Unit filename="src/bitwriter.c">
			<Option compilerVar="CC" />
		</Unit>
		<Unit filename="src/ctm.c">
			<Option compilerVar="CC" />
		</Unit>
		<Unit filename="src/eelvl.c">
			<Option compilerVar="CC" />
		</Unit>
		<Unit filename="src/tile.c">
			<Option compilerVar="CC" />
		</Unit>
		<Extensions>
			<lib_finder disable_auto="1" />
		</Extensions>
	</Project>
</CodeBlocks_project_file>
